// !$*UTF8*$!
{
	archiveVersion = 1;
	classes = {
	};
	objectVersion = 56;
	objects = {

/* Begin PBXBuildFile section */
		8DD3F65C297E94B1008D5F77 /* ILoveWorkoutApp.swift in Sources */ = {isa = PBXBuildFile; fileRef = 8DD3F65B297E94B1008D5F77 /* ILoveWorkoutApp.swift */; };
		8DD3F65E297E94B1008D5F77 /* FirstScreenView.swift in Sources */ = {isa = PBXBuildFile; fileRef = 8DD3F65D297E94B1008D5F77 /* FirstScreenView.swift */; };
		8DD3F660297E94B7008D5F77 /* Assets.xcassets in Resources */ = {isa = PBXBuildFile; fileRef = 8DD3F65F297E94B7008D5F77 /* Assets.xcassets */; };
		8DD3F663297E94B7008D5F77 /* Preview Assets.xcassets in Resources */ = {isa = PBXBuildFile; fileRef = 8DD3F662297E94B7008D5F77 /* Preview Assets.xcassets */; };
		8DD3F66D297E94B8008D5F77 /* ILoveWorkoutTests.swift in Sources */ = {isa = PBXBuildFile; fileRef = 8DD3F66C297E94B8008D5F77 /* ILoveWorkoutTests.swift */; };
		8DD3F677297E94B8008D5F77 /* ILoveWorkoutUITests.swift in Sources */ = {isa = PBXBuildFile; fileRef = 8DD3F676297E94B8008D5F77 /* ILoveWorkoutUITests.swift */; };
		8DD3F679297E94B8008D5F77 /* ILoveWorkoutUITestsLaunchTests.swift in Sources */ = {isa = PBXBuildFile; fileRef = 8DD3F678297E94B8008D5F77 /* ILoveWorkoutUITestsLaunchTests.swift */; };
		8DD3F68C297F042A008D5F77 /* MyButtonStyle.swift in Sources */ = {isa = PBXBuildFile; fileRef = 8DD3F68B297F042A008D5F77 /* MyButtonStyle.swift */; };
		8DD3F68E297F069C008D5F77 /* Color+Extension.swift in Sources */ = {isa = PBXBuildFile; fileRef = 8DD3F68D297F069C008D5F77 /* Color+Extension.swift */; };
		8DD3F690297F1B39008D5F77 /* ContentView.swift in Sources */ = {isa = PBXBuildFile; fileRef = 8DD3F68F297F1B39008D5F77 /* ContentView.swift */; };
		8DD3F696297F1DDD008D5F77 /* ProfileView.swift in Sources */ = {isa = PBXBuildFile; fileRef = 8DD3F695297F1DDD008D5F77 /* ProfileView.swift */; };
		8DD3F698297F1DEC008D5F77 /* AccountView.swift in Sources */ = {isa = PBXBuildFile; fileRef = 8DD3F697297F1DEC008D5F77 /* AccountView.swift */; };
		8DD3F69B298CC9B2008D5F77 /* FirebaseAuth in Frameworks */ = {isa = PBXBuildFile; productRef = 8DD3F69A298CC9B2008D5F77 /* FirebaseAuth */; };
		8DD3F6A1298CC9B2008D5F77 /* FirebaseFirestore in Frameworks */ = {isa = PBXBuildFile; productRef = 8DD3F6A0298CC9B2008D5F77 /* FirebaseFirestore */; };
		8DD3F6A5298CC9B2008D5F77 /* FirebaseStorage in Frameworks */ = {isa = PBXBuildFile; productRef = 8DD3F6A4298CC9B2008D5F77 /* FirebaseStorage */; };
		8DD3F6A7298CCCB4008D5F77 /* GoogleService-Info.plist in Resources */ = {isa = PBXBuildFile; fileRef = 8DD3F6A6298CCCB2008D5F77 /* GoogleService-Info.plist */; };
		8DD3F6AE298D7DF4008D5F77 /* FirebaseDatabase in Frameworks */ = {isa = PBXBuildFile; productRef = 8DD3F6AD298D7DF4008D5F77 /* FirebaseDatabase */; };
		8DD3F6B0298D7F84008D5F77 /* FirebaseFirestoreSwift in Frameworks */ = {isa = PBXBuildFile; productRef = 8DD3F6AF298D7F84008D5F77 /* FirebaseFirestoreSwift */; };
		8DD3F6B2299160ED008D5F77 /* WorkoutView.swift in Sources */ = {isa = PBXBuildFile; fileRef = 8DD3F6B1299160ED008D5F77 /* WorkoutView.swift */; };
		8DD3F6B62991630A008D5F77 /* WorkoutItem.swift in Sources */ = {isa = PBXBuildFile; fileRef = 8DD3F6B52991630A008D5F77 /* WorkoutItem.swift */; };
/* End PBXBuildFile section */

/* Begin PBXContainerItemProxy section */
		8DD3F669297E94B8008D5F77 /* PBXContainerItemProxy */ = {
			isa = PBXContainerItemProxy;
			containerPortal = 8DD3F650297E94B0008D5F77 /* Project object */;
			proxyType = 1;
			remoteGlobalIDString = 8DD3F657297E94B1008D5F77;
			remoteInfo = ILoveWorkout;
		};
		8DD3F673297E94B8008D5F77 /* PBXContainerItemProxy */ = {
			isa = PBXContainerItemProxy;
			containerPortal = 8DD3F650297E94B0008D5F77 /* Project object */;
			proxyType = 1;
			remoteGlobalIDString = 8DD3F657297E94B1008D5F77;
			remoteInfo = ILoveWorkout;
		};
/* End PBXContainerItemProxy section */

/* Begin PBXFileReference section */
		8DD3F658297E94B1008D5F77 /* ILoveWorkout.app */ = {isa = PBXFileReference; explicitFileType = wrapper.application; includeInIndex = 0; path = ILoveWorkout.app; sourceTree = BUILT_PRODUCTS_DIR; };
		8DD3F65B297E94B1008D5F77 /* ILoveWorkoutApp.swift */ = {isa = PBXFileReference; lastKnownFileType = sourcecode.swift; path = ILoveWorkoutApp.swift; sourceTree = "<group>"; };
		8DD3F65D297E94B1008D5F77 /* FirstScreenView.swift */ = {isa = PBXFileReference; lastKnownFileType = sourcecode.swift; path = FirstScreenView.swift; sourceTree = "<group>"; };
		8DD3F65F297E94B7008D5F77 /* Assets.xcassets */ = {isa = PBXFileReference; lastKnownFileType = folder.assetcatalog; path = Assets.xcassets; sourceTree = "<group>"; };
		8DD3F662297E94B7008D5F77 /* Preview Assets.xcassets */ = {isa = PBXFileReference; lastKnownFileType = folder.assetcatalog; path = "Preview Assets.xcassets"; sourceTree = "<group>"; };
		8DD3F668297E94B8008D5F77 /* ILoveWorkoutTests.xctest */ = {isa = PBXFileReference; explicitFileType = wrapper.cfbundle; includeInIndex = 0; path = ILoveWorkoutTests.xctest; sourceTree = BUILT_PRODUCTS_DIR; };
		8DD3F66C297E94B8008D5F77 /* ILoveWorkoutTests.swift */ = {isa = PBXFileReference; lastKnownFileType = sourcecode.swift; path = ILoveWorkoutTests.swift; sourceTree = "<group>"; };
		8DD3F672297E94B8008D5F77 /* ILoveWorkoutUITests.xctest */ = {isa = PBXFileReference; explicitFileType = wrapper.cfbundle; includeInIndex = 0; path = ILoveWorkoutUITests.xctest; sourceTree = BUILT_PRODUCTS_DIR; };
		8DD3F676297E94B8008D5F77 /* ILoveWorkoutUITests.swift */ = {isa = PBXFileReference; lastKnownFileType = sourcecode.swift; path = ILoveWorkoutUITests.swift; sourceTree = "<group>"; };
		8DD3F678297E94B8008D5F77 /* ILoveWorkoutUITestsLaunchTests.swift */ = {isa = PBXFileReference; lastKnownFileType = sourcecode.swift; path = ILoveWorkoutUITestsLaunchTests.swift; sourceTree = "<group>"; };
		8DD3F68B297F042A008D5F77 /* MyButtonStyle.swift */ = {isa = PBXFileReference; lastKnownFileType = sourcecode.swift; path = MyButtonStyle.swift; sourceTree = "<group>"; };
		8DD3F68D297F069C008D5F77 /* Color+Extension.swift */ = {isa = PBXFileReference; lastKnownFileType = sourcecode.swift; path = "Color+Extension.swift"; sourceTree = "<group>"; };
		8DD3F68F297F1B39008D5F77 /* ContentView.swift */ = {isa = PBXFileReference; lastKnownFileType = sourcecode.swift; path = ContentView.swift; sourceTree = "<group>"; };
		8DD3F695297F1DDD008D5F77 /* ProfileView.swift */ = {isa = PBXFileReference; lastKnownFileType = sourcecode.swift; path = ProfileView.swift; sourceTree = "<group>"; };
		8DD3F697297F1DEC008D5F77 /* AccountView.swift */ = {isa = PBXFileReference; lastKnownFileType = sourcecode.swift; path = AccountView.swift; sourceTree = "<group>"; };
		8DD3F6A6298CCCB2008D5F77 /* GoogleService-Info.plist */ = {isa = PBXFileReference; fileEncoding = 4; lastKnownFileType = text.plist.xml; path = "GoogleService-Info.plist"; sourceTree = "<group>"; };
		8DD3F6B1299160ED008D5F77 /* WorkoutView.swift */ = {isa = PBXFileReference; lastKnownFileType = sourcecode.swift; path = WorkoutView.swift; sourceTree = "<group>"; };
		8DD3F6B52991630A008D5F77 /* WorkoutItem.swift */ = {isa = PBXFileReference; lastKnownFileType = sourcecode.swift; path = WorkoutItem.swift; sourceTree = "<group>"; };
/* End PBXFileReference section */

/* Begin PBXFrameworksBuildPhase section */
		8DD3F655297E94B1008D5F77 /* Frameworks */ = {
			isa = PBXFrameworksBuildPhase;
			buildActionMask = 2147483647;
			files = (
				8DD3F6B0298D7F84008D5F77 /* FirebaseFirestoreSwift in Frameworks */,
				8DD3F6A1298CC9B2008D5F77 /* FirebaseFirestore in Frameworks */,
				8DD3F69B298CC9B2008D5F77 /* FirebaseAuth in Frameworks */,
				8DD3F6AE298D7DF4008D5F77 /* FirebaseDatabase in Frameworks */,
				8DD3F6A5298CC9B2008D5F77 /* FirebaseStorage in Frameworks */,
			);
			runOnlyForDeploymentPostprocessing = 0;
		};
		8DD3F665297E94B8008D5F77 /* Frameworks */ = {
			isa = PBXFrameworksBuildPhase;
			buildActionMask = 2147483647;
			files = (
			);
			runOnlyForDeploymentPostprocessing = 0;
		};
		8DD3F66F297E94B8008D5F77 /* Frameworks */ = {
			isa = PBXFrameworksBuildPhase;
			buildActionMask = 2147483647;
			files = (
			);
			runOnlyForDeploymentPostprocessing = 0;
		};
/* End PBXFrameworksBuildPhase section */

/* Begin PBXGroup section */
		8DD3F64F297E94B0008D5F77 = {
			isa = PBXGroup;
			children = (
				8DD3F65A297E94B1008D5F77 /* ILoveWorkout */,
				8DD3F66B297E94B8008D5F77 /* ILoveWorkoutTests */,
				8DD3F675297E94B8008D5F77 /* ILoveWorkoutUITests */,
				8DD3F659297E94B1008D5F77 /* Products */,
				8DD3F6AC298D7DF3008D5F77 /* Frameworks */,
			);
			sourceTree = "<group>";
		};
		8DD3F659297E94B1008D5F77 /* Products */ = {
			isa = PBXGroup;
			children = (
				8DD3F658297E94B1008D5F77 /* ILoveWorkout.app */,
				8DD3F668297E94B8008D5F77 /* ILoveWorkoutTests.xctest */,
				8DD3F672297E94B8008D5F77 /* ILoveWorkoutUITests.xctest */,
			);
			name = Products;
			sourceTree = "<group>";
		};
		8DD3F65A297E94B1008D5F77 /* ILoveWorkout */ = {
			isa = PBXGroup;
			children = (
				8DD3F692297F1B9E008D5F77 /* Views */,
				8DD3F65B297E94B1008D5F77 /* ILoveWorkoutApp.swift */,
				8DD3F65F297E94B7008D5F77 /* Assets.xcassets */,
				8DD3F6A6298CCCB2008D5F77 /* GoogleService-Info.plist */,
				8DD3F661297E94B7008D5F77 /* Preview Content */,
				8DD3F68B297F042A008D5F77 /* MyButtonStyle.swift */,
				8DD3F68D297F069C008D5F77 /* Color+Extension.swift */,
				8DD3F6B52991630A008D5F77 /* WorkoutItem.swift */,
			);
			path = ILoveWorkout;
			sourceTree = "<group>";
		};
		8DD3F661297E94B7008D5F77 /* Preview Content */ = {
			isa = PBXGroup;
			children = (
				8DD3F662297E94B7008D5F77 /* Preview Assets.xcassets */,
			);
			path = "Preview Content";
			sourceTree = "<group>";
		};
		8DD3F66B297E94B8008D5F77 /* ILoveWorkoutTests */ = {
			isa = PBXGroup;
			children = (
				8DD3F66C297E94B8008D5F77 /* ILoveWorkoutTests.swift */,
			);
			path = ILoveWorkoutTests;
			sourceTree = "<group>";
		};
		8DD3F675297E94B8008D5F77 /* ILoveWorkoutUITests */ = {
			isa = PBXGroup;
			children = (
				8DD3F676297E94B8008D5F77 /* ILoveWorkoutUITests.swift */,
				8DD3F678297E94B8008D5F77 /* ILoveWorkoutUITestsLaunchTests.swift */,
			);
			path = ILoveWorkoutUITests;
			sourceTree = "<group>";
		};
		8DD3F692297F1B9E008D5F77 /* Views */ = {
			isa = PBXGroup;
			children = (
				8DD3F68F297F1B39008D5F77 /* ContentView.swift */,
				8DD3F65D297E94B1008D5F77 /* FirstScreenView.swift */,
				8DD3F695297F1DDD008D5F77 /* ProfileView.swift */,
				8DD3F697297F1DEC008D5F77 /* AccountView.swift */,
				8DD3F6B1299160ED008D5F77 /* WorkoutView.swift */,
			);
			path = Views;
			sourceTree = "<group>";
		};
		8DD3F6AC298D7DF3008D5F77 /* Frameworks */ = {
			isa = PBXGroup;
			children = (
			);
			name = Frameworks;
			sourceTree = "<group>";
		};
/* End PBXGroup section */

/* Begin PBXNativeTarget section */
		8DD3F657297E94B1008D5F77 /* ILoveWorkout */ = {
			isa = PBXNativeTarget;
			buildConfigurationList = 8DD3F67C297E94B8008D5F77 /* Build configuration list for PBXNativeTarget "ILoveWorkout" */;
			buildPhases = (
				8DD3F654297E94B1008D5F77 /* Sources */,
				8DD3F655297E94B1008D5F77 /* Frameworks */,
				8DD3F656297E94B1008D5F77 /* Resources */,
			);
			buildRules = (
			);
			dependencies = (
			);
			name = ILoveWorkout;
			packageProductDependencies = (
				8DD3F69A298CC9B2008D5F77 /* FirebaseAuth */,
				8DD3F6A0298CC9B2008D5F77 /* FirebaseFirestore */,
				8DD3F6A4298CC9B2008D5F77 /* FirebaseStorage */,
				8DD3F6AD298D7DF4008D5F77 /* FirebaseDatabase */,
				8DD3F6AF298D7F84008D5F77 /* FirebaseFirestoreSwift */,
			);
			productName = ILoveWorkout;
			productReference = 8DD3F658297E94B1008D5F77 /* ILoveWorkout.app */;
			productType = "com.apple.product-type.application";
		};
		8DD3F667297E94B8008D5F77 /* ILoveWorkoutTests */ = {
			isa = PBXNativeTarget;
			buildConfigurationList = 8DD3F67F297E94B8008D5F77 /* Build configuration list for PBXNativeTarget "ILoveWorkoutTests" */;
			buildPhases = (
				8DD3F664297E94B8008D5F77 /* Sources */,
				8DD3F665297E94B8008D5F77 /* Frameworks */,
				8DD3F666297E94B8008D5F77 /* Resources */,
			);
			buildRules = (
			);
			dependencies = (
				8DD3F66A297E94B8008D5F77 /* PBXTargetDependency */,
			);
			name = ILoveWorkoutTests;
			productName = ILoveWorkoutTests;
			productReference = 8DD3F668297E94B8008D5F77 /* ILoveWorkoutTests.xctest */;
			productType = "com.apple.product-type.bundle.unit-test";
		};
		8DD3F671297E94B8008D5F77 /* ILoveWorkoutUITests */ = {
			isa = PBXNativeTarget;
			buildConfigurationList = 8DD3F682297E94B8008D5F77 /* Build configuration list for PBXNativeTarget "ILoveWorkoutUITests" */;
			buildPhases = (
				8DD3F66E297E94B8008D5F77 /* Sources */,
				8DD3F66F297E94B8008D5F77 /* Frameworks */,
				8DD3F670297E94B8008D5F77 /* Resources */,
			);
			buildRules = (
			);
			dependencies = (
				8DD3F674297E94B8008D5F77 /* PBXTargetDependency */,
			);
			name = ILoveWorkoutUITests;
			productName = ILoveWorkoutUITests;
			productReference = 8DD3F672297E94B8008D5F77 /* ILoveWorkoutUITests.xctest */;
			productType = "com.apple.product-type.bundle.ui-testing";
		};
/* End PBXNativeTarget section */

/* Begin PBXProject section */
		8DD3F650297E94B0008D5F77 /* Project object */ = {
			isa = PBXProject;
			attributes = {
				BuildIndependentTargetsInParallel = 1;
				LastSwiftUpdateCheck = 1410;
				LastUpgradeCheck = 1410;
				TargetAttributes = {
					8DD3F657297E94B1008D5F77 = {
						CreatedOnToolsVersion = 14.1;
					};
					8DD3F667297E94B8008D5F77 = {
						CreatedOnToolsVersion = 14.1;
						TestTargetID = 8DD3F657297E94B1008D5F77;
					};
					8DD3F671297E94B8008D5F77 = {
						CreatedOnToolsVersion = 14.1;
						TestTargetID = 8DD3F657297E94B1008D5F77;
					};
				};
			};
			buildConfigurationList = 8DD3F653297E94B0008D5F77 /* Build configuration list for PBXProject "ILoveWorkout" */;
			compatibilityVersion = "Xcode 14.0";
			developmentRegion = en;
			hasScannedForEncodings = 0;
			knownRegions = (
				en,
				Base,
			);
			mainGroup = 8DD3F64F297E94B0008D5F77;
			packageReferences = (
				8DD3F699298CC9B2008D5F77 /* XCRemoteSwiftPackageReference "firebase-ios-sdk" */,
			);
			productRefGroup = 8DD3F659297E94B1008D5F77 /* Products */;
			projectDirPath = "";
			projectRoot = "";
			targets = (
				8DD3F657297E94B1008D5F77 /* ILoveWorkout */,
				8DD3F667297E94B8008D5F77 /* ILoveWorkoutTests */,
				8DD3F671297E94B8008D5F77 /* ILoveWorkoutUITests */,
			);
		};
/* End PBXProject section */

/* Begin PBXResourcesBuildPhase section */
		8DD3F656297E94B1008D5F77 /* Resources */ = {
			isa = PBXResourcesBuildPhase;
			buildActionMask = 2147483647;
			files = (
				8DD3F663297E94B7008D5F77 /* Preview Assets.xcassets in Resources */,
				8DD3F660297E94B7008D5F77 /* Assets.xcassets in Resources */,
				8DD3F6A7298CCCB4008D5F77 /* GoogleService-Info.plist in Resources */,
			);
			runOnlyForDeploymentPostprocessing = 0;
		};
		8DD3F666297E94B8008D5F77 /* Resources */ = {
			isa = PBXResourcesBuildPhase;
			buildActionMask = 2147483647;
			files = (
			);
			runOnlyForDeploymentPostprocessing = 0;
		};
		8DD3F670297E94B8008D5F77 /* Resources */ = {
			isa = PBXResourcesBuildPhase;
			buildActionMask = 2147483647;
			files = (
			);
			runOnlyForDeploymentPostprocessing = 0;
		};
/* End PBXResourcesBuildPhase section */

/* Begin PBXSourcesBuildPhase section */
		8DD3F654297E94B1008D5F77 /* Sources */ = {
			isa = PBXSourcesBuildPhase;
			buildActionMask = 2147483647;
			files = (
				8DD3F696297F1DDD008D5F77 /* ProfileView.swift in Sources */,
				8DD3F68E297F069C008D5F77 /* Color+Extension.swift in Sources */,
				8DD3F6B2299160ED008D5F77 /* WorkoutView.swift in Sources */,
				8DD3F690297F1B39008D5F77 /* ContentView.swift in Sources */,
				8DD3F698297F1DEC008D5F77 /* AccountView.swift in Sources */,
				8DD3F65E297E94B1008D5F77 /* FirstScreenView.swift in Sources */,
				8DD3F6B62991630A008D5F77 /* WorkoutItem.swift in Sources */,
				8DD3F68C297F042A008D5F77 /* MyButtonStyle.swift in Sources */,
				8DD3F65C297E94B1008D5F77 /* ILoveWorkoutApp.swift in Sources */,
			);
			runOnlyForDeploymentPostprocessing = 0;
		};
		8DD3F664297E94B8008D5F77 /* Sources */ = {
			isa = PBXSourcesBuildPhase;
			buildActionMask = 2147483647;
			files = (
				8DD3F66D297E94B8008D5F77 /* ILoveWorkoutTests.swift in Sources */,
			);
			runOnlyForDeploymentPostprocessing = 0;
		};
		8DD3F66E297E94B8008D5F77 /* Sources */ = {
			isa = PBXSourcesBuildPhase;
			buildActionMask = 2147483647;
			files = (
				8DD3F679297E94B8008D5F77 /* ILoveWorkoutUITestsLaunchTests.swift in Sources */,
				8DD3F677297E94B8008D5F77 /* ILoveWorkoutUITests.swift in Sources */,
			);
			runOnlyForDeploymentPostprocessing = 0;
		};
/* End PBXSourcesBuildPhase section */

/* Begin PBXTargetDependency section */
		8DD3F66A297E94B8008D5F77 /* PBXTargetDependency */ = {
			isa = PBXTargetDependency;
			target = 8DD3F657297E94B1008D5F77 /* ILoveWorkout */;
			targetProxy = 8DD3F669297E94B8008D5F77 /* PBXContainerItemProxy */;
		};
		8DD3F674297E94B8008D5F77 /* PBXTargetDependency */ = {
			isa = PBXTargetDependency;
			target = 8DD3F657297E94B1008D5F77 /* ILoveWorkout */;
			targetProxy = 8DD3F673297E94B8008D5F77 /* PBXContainerItemProxy */;
		};
/* End PBXTargetDependency section */

/* Begin XCBuildConfiguration section */
		8DD3F67A297E94B8008D5F77 /* Debug */ = {
			isa = XCBuildConfiguration;
			buildSettings = {
				ALWAYS_SEARCH_USER_PATHS = NO;
				CLANG_ANALYZER_NONNULL = YES;
				CLANG_ANALYZER_NUMBER_OBJECT_CONVERSION = YES_AGGRESSIVE;
				CLANG_CXX_LANGUAGE_STANDARD = "gnu++20";
				CLANG_ENABLE_MODULES = YES;
				CLANG_ENABLE_OBJC_ARC = YES;
				CLANG_ENABLE_OBJC_WEAK = YES;
				CLANG_WARN_BLOCK_CAPTURE_AUTORELEASING = YES;
				CLANG_WARN_BOOL_CONVERSION = YES;
				CLANG_WARN_COMMA = YES;
				CLANG_WARN_CONSTANT_CONVERSION = YES;
				CLANG_WARN_DEPRECATED_OBJC_IMPLEMENTATIONS = YES;
				CLANG_WARN_DIRECT_OBJC_ISA_USAGE = YES_ERROR;
				CLANG_WARN_DOCUMENTATION_COMMENTS = YES;
				CLANG_WARN_EMPTY_BODY = YES;
				CLANG_WARN_ENUM_CONVERSION = YES;
				CLANG_WARN_INFINITE_RECURSION = YES;
				CLANG_WARN_INT_CONVERSION = YES;
				CLANG_WARN_NON_LITERAL_NULL_CONVERSION = YES;
				CLANG_WARN_OBJC_IMPLICIT_RETAIN_SELF = YES;
				CLANG_WARN_OBJC_LITERAL_CONVERSION = YES;
				CLANG_WARN_OBJC_ROOT_CLASS = YES_ERROR;
				CLANG_WARN_QUOTED_INCLUDE_IN_FRAMEWORK_HEADER = YES;
				CLANG_WARN_RANGE_LOOP_ANALYSIS = YES;
				CLANG_WARN_STRICT_PROTOTYPES = YES;
				CLANG_WARN_SUSPICIOUS_MOVE = YES;
				CLANG_WARN_UNGUARDED_AVAILABILITY = YES_AGGRESSIVE;
				CLANG_WARN_UNREACHABLE_CODE = YES;
				CLANG_WARN__DUPLICATE_METHOD_MATCH = YES;
				COPY_PHASE_STRIP = NO;
				DEBUG_INFORMATION_FORMAT = dwarf;
				ENABLE_STRICT_OBJC_MSGSEND = YES;
				ENABLE_TESTABILITY = YES;
				GCC_C_LANGUAGE_STANDARD = gnu11;
				GCC_DYNAMIC_NO_PIC = NO;
				GCC_NO_COMMON_BLOCKS = YES;
				GCC_OPTIMIZATION_LEVEL = 0;
				GCC_PREPROCESSOR_DEFINITIONS = (
					"DEBUG=1",
					"$(inherited)",
				);
				GCC_WARN_64_TO_32_BIT_CONVERSION = YES;
				GCC_WARN_ABOUT_RETURN_TYPE = YES_ERROR;
				GCC_WARN_UNDECLARED_SELECTOR = YES;
				GCC_WARN_UNINITIALIZED_AUTOS = YES_AGGRESSIVE;
				GCC_WARN_UNUSED_FUNCTION = YES;
				GCC_WARN_UNUSED_VARIABLE = YES;
				IPHONEOS_DEPLOYMENT_TARGET = 16.1;
				MTL_ENABLE_DEBUG_INFO = INCLUDE_SOURCE;
				MTL_FAST_MATH = YES;
				ONLY_ACTIVE_ARCH = YES;
				SDKROOT = iphoneos;
				SWIFT_ACTIVE_COMPILATION_CONDITIONS = DEBUG;
				SWIFT_OPTIMIZATION_LEVEL = "-Onone";
			};
			name = Debug;
		};
		8DD3F67B297E94B8008D5F77 /* Release */ = {
			isa = XCBuildConfiguration;
			buildSettings = {
				ALWAYS_SEARCH_USER_PATHS = NO;
				CLANG_ANALYZER_NONNULL = YES;
				CLANG_ANALYZER_NUMBER_OBJECT_CONVERSION = YES_AGGRESSIVE;
				CLANG_CXX_LANGUAGE_STANDARD = "gnu++20";
				CLANG_ENABLE_MODULES = YES;
				CLANG_ENABLE_OBJC_ARC = YES;
				CLANG_ENABLE_OBJC_WEAK = YES;
				CLANG_WARN_BLOCK_CAPTURE_AUTORELEASING = YES;
				CLANG_WARN_BOOL_CONVERSION = YES;
				CLANG_WARN_COMMA = YES;
				CLANG_WARN_CONSTANT_CONVERSION = YES;
				CLANG_WARN_DEPRECATED_OBJC_IMPLEMENTATIONS = YES;
				CLANG_WARN_DIRECT_OBJC_ISA_USAGE = YES_ERROR;
				CLANG_WARN_DOCUMENTATION_COMMENTS = YES;
				CLANG_WARN_EMPTY_BODY = YES;
				CLANG_WARN_ENUM_CONVERSION = YES;
				CLANG_WARN_INFINITE_RECURSION = YES;
				CLANG_WARN_INT_CONVERSION = YES;
				CLANG_WARN_NON_LITERAL_NULL_CONVERSION = YES;
				CLANG_WARN_OBJC_IMPLICIT_RETAIN_SELF = YES;
				CLANG_WARN_OBJC_LITERAL_CONVERSION = YES;
				CLANG_WARN_OBJC_ROOT_CLASS = YES_ERROR;
				CLANG_WARN_QUOTED_INCLUDE_IN_FRAMEWORK_HEADER = YES;
				CLANG_WARN_RANGE_LOOP_ANALYSIS = YES;
				CLANG_WARN_STRICT_PROTOTYPES = YES;
				CLANG_WARN_SUSPICIOUS_MOVE = YES;
				CLANG_WARN_UNGUARDED_AVAILABILITY = YES_AGGRESSIVE;
				CLANG_WARN_UNREACHABLE_CODE = YES;
				CLANG_WARN__DUPLICATE_METHOD_MATCH = YES;
				COPY_PHASE_STRIP = NO;
				DEBUG_INFORMATION_FORMAT = "dwarf-with-dsym";
				ENABLE_NS_ASSERTIONS = NO;
				ENABLE_STRICT_OBJC_MSGSEND = YES;
				GCC_C_LANGUAGE_STANDARD = gnu11;
				GCC_NO_COMMON_BLOCKS = YES;
				GCC_WARN_64_TO_32_BIT_CONVERSION = YES;
				GCC_WARN_ABOUT_RETURN_TYPE = YES_ERROR;
				GCC_WARN_UNDECLARED_SELECTOR = YES;
				GCC_WARN_UNINITIALIZED_AUTOS = YES_AGGRESSIVE;
				GCC_WARN_UNUSED_FUNCTION = YES;
				GCC_WARN_UNUSED_VARIABLE = YES;
				IPHONEOS_DEPLOYMENT_TARGET = 16.1;
				MTL_ENABLE_DEBUG_INFO = NO;
				MTL_FAST_MATH = YES;
				SDKROOT = iphoneos;
				SWIFT_COMPILATION_MODE = wholemodule;
				SWIFT_OPTIMIZATION_LEVEL = "-O";
				VALIDATE_PRODUCT = YES;
			};
			name = Release;
		};
		8DD3F67D297E94B8008D5F77 /* Debug */ = {
			isa = XCBuildConfiguration;
			buildSettings = {
				ASSETCATALOG_COMPILER_APPICON_NAME = AppIcon;
				ASSETCATALOG_COMPILER_GLOBAL_ACCENT_COLOR_NAME = AccentColor;
				CODE_SIGN_STYLE = Automatic;
				CURRENT_PROJECT_VERSION = 1;
				DEVELOPMENT_ASSET_PATHS = "\"ILoveWorkout/Preview Content\"";
				ENABLE_PREVIEWS = YES;
				GENERATE_INFOPLIST_FILE = YES;
				INFOPLIST_KEY_UIApplicationSceneManifest_Generation = YES;
				INFOPLIST_KEY_UIApplicationSupportsIndirectInputEvents = YES;
				INFOPLIST_KEY_UILaunchScreen_Generation = YES;
				INFOPLIST_KEY_UISupportedInterfaceOrientations_iPad = "UIInterfaceOrientationPortrait UIInterfaceOrientationPortraitUpsideDown UIInterfaceOrientationLandscapeLeft UIInterfaceOrientationLandscapeRight";
				INFOPLIST_KEY_UISupportedInterfaceOrientations_iPhone = "UIInterfaceOrientationPortrait UIInterfaceOrientationLandscapeLeft UIInterfaceOrientationLandscapeRight";
				LD_RUNPATH_SEARCH_PATHS = (
					"$(inherited)",
					"@executable_path/Frameworks",
				);
				MARKETING_VERSION = 1.0;
				PRODUCT_BUNDLE_IDENTIFIER = com.example.ILoveWorkout;
				PRODUCT_NAME = "$(TARGET_NAME)";
				SWIFT_EMIT_LOC_STRINGS = YES;
				SWIFT_VERSION = 5.0;
				TARGETED_DEVICE_FAMILY = "1,2";
			};
			name = Debug;
		};
		8DD3F67E297E94B8008D5F77 /* Release */ = {
			isa = XCBuildConfiguration;
			buildSettings = {
				ASSETCATALOG_COMPILER_APPICON_NAME = AppIcon;
				ASSETCATALOG_COMPILER_GLOBAL_ACCENT_COLOR_NAME = AccentColor;
				CODE_SIGN_STYLE = Automatic;
				CURRENT_PROJECT_VERSION = 1;
				DEVELOPMENT_ASSET_PATHS = "\"ILoveWorkout/Preview Content\"";
				ENABLE_PREVIEWS = YES;
				GENERATE_INFOPLIST_FILE = YES;
				INFOPLIST_KEY_UIApplicationSceneManifest_Generation = YES;
				INFOPLIST_KEY_UIApplicationSupportsIndirectInputEvents = YES;
				INFOPLIST_KEY_UILaunchScreen_Generation = YES;
				INFOPLIST_KEY_UISupportedInterfaceOrientations_iPad = "UIInterfaceOrientationPortrait UIInterfaceOrientationPortraitUpsideDown UIInterfaceOrientationLandscapeLeft UIInterfaceOrientationLandscapeRight";
				INFOPLIST_KEY_UISupportedInterfaceOrientations_iPhone = "UIInterfaceOrientationPortrait UIInterfaceOrientationLandscapeLeft UIInterfaceOrientationLandscapeRight";
				LD_RUNPATH_SEARCH_PATHS = (
					"$(inherited)",
					"@executable_path/Frameworks",
				);
				MARKETING_VERSION = 1.0;
				PRODUCT_BUNDLE_IDENTIFIER = com.example.ILoveWorkout;
				PRODUCT_NAME = "$(TARGET_NAME)";
				SWIFT_EMIT_LOC_STRINGS = YES;
				SWIFT_VERSION = 5.0;
				TARGETED_DEVICE_FAMILY = "1,2";
			};
			name = Release;
		};
		8DD3F680297E94B8008D5F77 /* Debug */ = {
			isa = XCBuildConfiguration;
			buildSettings = {
				ALWAYS_EMBED_SWIFT_STANDARD_LIBRARIES = YES;
				BUNDLE_LOADER = "$(TEST_HOST)";
				CODE_SIGN_STYLE = Automatic;
				CURRENT_PROJECT_VERSION = 1;
				GENERATE_INFOPLIST_FILE = YES;
				IPHONEOS_DEPLOYMENT_TARGET = 16.1;
				MARKETING_VERSION = 1.0;
				PRODUCT_BUNDLE_IDENTIFIER = com.example.ILoveWorkoutTests;
				PRODUCT_NAME = "$(TARGET_NAME)";
				SWIFT_EMIT_LOC_STRINGS = NO;
				SWIFT_VERSION = 5.0;
				TARGETED_DEVICE_FAMILY = "1,2";
				TEST_HOST = "$(BUILT_PRODUCTS_DIR)/ILoveWorkout.app/$(BUNDLE_EXECUTABLE_FOLDER_PATH)/ILoveWorkout";
			};
			name = Debug;
		};
		8DD3F681297E94B8008D5F77 /* Release */ = {
			isa = XCBuildConfiguration;
			buildSettings = {
				ALWAYS_EMBED_SWIFT_STANDARD_LIBRARIES = YES;
				BUNDLE_LOADER = "$(TEST_HOST)";
				CODE_SIGN_STYLE = Automatic;
				CURRENT_PROJECT_VERSION = 1;
				GENERATE_INFOPLIST_FILE = YES;
				IPHONEOS_DEPLOYMENT_TARGET = 16.1;
				MARKETING_VERSION = 1.0;
				PRODUCT_BUNDLE_IDENTIFIER = com.example.ILoveWorkoutTests;
				PRODUCT_NAME = "$(TARGET_NAME)";
				SWIFT_EMIT_LOC_STRINGS = NO;
				SWIFT_VERSION = 5.0;
				TARGETED_DEVICE_FAMILY = "1,2";
				TEST_HOST = "$(BUILT_PRODUCTS_DIR)/ILoveWorkout.app/$(BUNDLE_EXECUTABLE_FOLDER_PATH)/ILoveWorkout";
			};
			name = Release;
		};
		8DD3F683297E94B8008D5F77 /* Debug */ = {
			isa = XCBuildConfiguration;
			buildSettings = {
				ALWAYS_EMBED_SWIFT_STANDARD_LIBRARIES = YES;
				CODE_SIGN_STYLE = Automatic;
				CURRENT_PROJECT_VERSION = 1;
				GENERATE_INFOPLIST_FILE = YES;
				MARKETING_VERSION = 1.0;
				PRODUCT_BUNDLE_IDENTIFIER = com.example.ILoveWorkoutUITests;
				PRODUCT_NAME = "$(TARGET_NAME)";
				SWIFT_EMIT_LOC_STRINGS = NO;
				SWIFT_VERSION = 5.0;
				TARGETED_DEVICE_FAMILY = "1,2";
				TEST_TARGET_NAME = ILoveWorkout;
			};
			name = Debug;
		};
		8DD3F684297E94B8008D5F77 /* Release */ = {
			isa = XCBuildConfiguration;
			buildSettings = {
				ALWAYS_EMBED_SWIFT_STANDARD_LIBRARIES = YES;
				CODE_SIGN_STYLE = Automatic;
				CURRENT_PROJECT_VERSION = 1;
				GENERATE_INFOPLIST_FILE = YES;
				MARKETING_VERSION = 1.0;
				PRODUCT_BUNDLE_IDENTIFIER = com.example.ILoveWorkoutUITests;
				PRODUCT_NAME = "$(TARGET_NAME)";
				SWIFT_EMIT_LOC_STRINGS = NO;
				SWIFT_VERSION = 5.0;
				TARGETED_DEVICE_FAMILY = "1,2";
				TEST_TARGET_NAME = ILoveWorkout;
			};
			name = Release;
		};
/* End XCBuildConfiguration section */

/* Begin XCConfigurationList section */
		8DD3F653297E94B0008D5F77 /* Build configuration list for PBXProject "ILoveWorkout" */ = {
			isa = XCConfigurationList;
			buildConfigurations = (
				8DD3F67A297E94B8008D5F77 /* Debug */,
				8DD3F67B297E94B8008D5F77 /* Release */,
			);
			defaultConfigurationIsVisible = 0;
			defaultConfigurationName = Release;
		};
		8DD3F67C297E94B8008D5F77 /* Build configuration list for PBXNativeTarget "ILoveWorkout" */ = {
			isa = XCConfigurationList;
			buildConfigurations = (
				8DD3F67D297E94B8008D5F77 /* Debug */,
				8DD3F67E297E94B8008D5F77 /* Release */,
			);
			defaultConfigurationIsVisible = 0;
			defaultConfigurationName = Release;
		};
		8DD3F67F297E94B8008D5F77 /* Build configuration list for PBXNativeTarget "ILoveWorkoutTests" */ = {
			isa = XCConfigurationList;
			buildConfigurations = (
				8DD3F680297E94B8008D5F77 /* Debug */,
				8DD3F681297E94B8008D5F77 /* Release */,
			);
			defaultConfigurationIsVisible = 0;
			defaultConfigurationName = Release;
		};
		8DD3F682297E94B8008D5F77 /* Build configuration list for PBXNativeTarget "ILoveWorkoutUITests" */ = {
			isa = XCConfigurationList;
			buildConfigurations = (
				8DD3F683297E94B8008D5F77 /* Debug */,
				8DD3F684297E94B8008D5F77 /* Release */,
			);
			defaultConfigurationIsVisible = 0;
			defaultConfigurationName = Release;
		};
/* End XCConfigurationList section */

/* Begin XCRemoteSwiftPackageReference section */
		8DD3F699298CC9B2008D5F77 /* XCRemoteSwiftPackageReference "firebase-ios-sdk" */ = {
			isa = XCRemoteSwiftPackageReference;
			repositoryURL = "https://github.com/firebase/firebase-ios-sdk.git";
			requirement = {
				kind = upToNextMajorVersion;
				minimumVersion = 9.0.0;
			};
		};
/* End XCRemoteSwiftPackageReference section */

/* Begin XCSwiftPackageProductDependency section */
		8DD3F69A298CC9B2008D5F77 /* FirebaseAuth */ = {
			isa = XCSwiftPackageProductDependency;
			package = 8DD3F699298CC9B2008D5F77 /* XCRemoteSwiftPackageReference "firebase-ios-sdk" */;
			productName = FirebaseAuth;
		};
		8DD3F6A0298CC9B2008D5F77 /* FirebaseFirestore */ = {
			isa = XCSwiftPackageProductDependency;
			package = 8DD3F699298CC9B2008D5F77 /* XCRemoteSwiftPackageReference "firebase-ios-sdk" */;
			productName = FirebaseFirestore;
		};
		8DD3F6A4298CC9B2008D5F77 /* FirebaseStorage */ = {
			isa = XCSwiftPackageProductDependency;
			package = 8DD3F699298CC9B2008D5F77 /* XCRemoteSwiftPackageReference "firebase-ios-sdk" */;
			productName = FirebaseStorage;
		};
		8DD3F6AD298D7DF4008D5F77 /* FirebaseDatabase */ = {
			isa = XCSwiftPackageProductDependency;
			package = 8DD3F699298CC9B2008D5F77 /* XCRemoteSwiftPackageReference "firebase-ios-sdk" */;
			productName = FirebaseDatabase;
		};
		8DD3F6AF298D7F84008D5F77 /* FirebaseFirestoreSwift */ = {
			isa = XCSwiftPackageProductDependency;
			package = 8DD3F699298CC9B2008D5F77 /* XCRemoteSwiftPackageReference "firebase-ios-sdk" */;
			productName = FirebaseFirestoreSwift;
		};
/* End XCSwiftPackageProductDependency section */
	};
	rootObject = 8DD3F650297E94B0008D5F77 /* Project object */;
}
